
Microsoft Visual Studio Solution File, Format Version 12.00
# Visual Studio Version 17
VisualStudioVersion = 17.6.33815.320
MinimumVisualStudioVersion = 10.0.40219.1
Project("{2150E333-8FDC-42A3-9474-1A3956D46DE8}") = "src", "src", "{D20DA613-F620-481A-9A54-5D3CBBED5096}"
EndProject
Project("{2150E333-8FDC-42A3-9474-1A3956D46DE8}") = "Shared", "Shared", "{6E652B91-F7C2-42D7-AD99-B958BB55CD6D}"
EndProject
Project("{2150E333-8FDC-42A3-9474-1A3956D46DE8}") = "Domain", "Domain", "{F2067B7D-0B6D-4117-B8C4-1CC50AD59C49}"
EndProject
Project("{2150E333-8FDC-42A3-9474-1A3956D46DE8}") = "Data", "Data", "{D52B8E2A-32B4-48F0-8CA6-EDFA904A2C66}"
EndProject
Project("{2150E333-8FDC-42A3-9474-1A3956D46DE8}") = "Infrastructure", "Infrastructure", "{EB52D6C8-ED95-4AD3-B3EB-0F15E6A233C9}"
EndProject
Project("{2150E333-8FDC-42A3-9474-1A3956D46DE8}") = "Services", "Services", "{170B8ADC-7246-4271-B8E7-989FDD37468C}"
EndProject
Project("{2150E333-8FDC-42A3-9474-1A3956D46DE8}") = "test", "test", "{4903CB20-7737-40BC-BBC6-2698918068EE}"
EndProject
Project("{9A19103F-16F7-4668-BE54-9A1E7A4F7556}") = "DeviceManagement.Data", "src\Data\DeviceManagement.Data.csproj", "{9BADB059-BA13-4D71-A06C-BB8E77A60405}"
EndProject
Project("{9A19103F-16F7-4668-BE54-9A1E7A4F7556}") = "DeviceManagement.Domain", "src\Domain\DeviceManagement.Domain.csproj", "{1D0DA165-A756-4E9A-BC4D-E310E93AEB54}"
EndProject
Project("{9A19103F-16F7-4668-BE54-9A1E7A4F7556}") = "DeviceManagement.Infrastructure", "src\Infrastructure\DeviceManagement.Infrastructure.csproj", "{E909E147-BCFD-4FA0-95E7-4F7499F38474}"
EndProject
Project("{9A19103F-16F7-4668-BE54-9A1E7A4F7556}") = "DeviceManagement.Services", "src\Services\DeviceManagement.Services.csproj", "{8582CB13-7DEA-4F9B-A3C9-99BFE3D43850}"
EndProject
Project("{9A19103F-16F7-4668-BE54-9A1E7A4F7556}") = "Company.Data", "src\Shared\Data\Company.Data.csproj", "{55577514-B53F-48E1-B306-DF66BD4A09E9}"
EndProject
Project("{9A19103F-16F7-4668-BE54-9A1E7A4F7556}") = "Company.Domain", "src\Shared\Domain\Company.Domain.csproj", "{6267D310-BDA6-4B02-A2D7-3A71379BCFEE}"
EndProject
Project("{9A19103F-16F7-4668-BE54-9A1E7A4F7556}") = "DeviceManagement.Api", "src\Api\DeviceManagement.Api.csproj", "{0F5EB095-47E0-4820-AAD0-A789BF9EE460}"
EndProject
Project("{9A19103F-16F7-4668-BE54-9A1E7A4F7556}") = "DeviceManagement.Services.Tests", "test\Services\DeviceManagement.Services.Tests.csproj", "{69F399B6-8FC5-4196-A96E-B78261D28E72}"
EndProject
Project("{9A19103F-16F7-4668-BE54-9A1E7A4F7556}") = "DeviceManagement.Api.Tests", "test\Api\DeviceManagement.Api.Tests.csproj", "{00C1A1B7-5728-40FF-808F-EFBE9024E90C}"
EndProject
Project("{9A19103F-16F7-4668-BE54-9A1E7A4F7556}") = "DeviceManagement.Infrastructure.Tests", "test\Infrastructure\DeviceManagement.Infrastructure.Tests.csproj", "{9110EA4D-A621-4F6E-8817-6AC880652231}"
EndProject
Global
	GlobalSection(SolutionConfigurationPlatforms) = preSolution
		Debug|Any CPU = Debug|Any CPU
		Release|Any CPU = Release|Any CPU
	EndGlobalSection
	GlobalSection(ProjectConfigurationPlatforms) = postSolution
		{9BADB059-BA13-4D71-A06C-BB8E77A60405}.Debug|Any CPU.ActiveCfg = Debug|Any CPU
		{9BADB059-BA13-4D71-A06C-BB8E77A60405}.Debug|Any CPU.Build.0 = Debug|Any CPU
		{9BADB059-BA13-4D71-A06C-BB8E77A60405}.Release|Any CPU.ActiveCfg = Release|Any CPU
		{9BADB059-BA13-4D71-A06C-BB8E77A60405}.Release|Any CPU.Build.0 = Release|Any CPU
		{1D0DA165-A756-4E9A-BC4D-E310E93AEB54}.Debug|Any CPU.ActiveCfg = Debug|Any CPU
		{1D0DA165-A756-4E9A-BC4D-E310E93AEB54}.Debug|Any CPU.Build.0 = Debug|Any CPU
		{1D0DA165-A756-4E9A-BC4D-E310E93AEB54}.Release|Any CPU.ActiveCfg = Release|Any CPU
		{1D0DA165-A756-4E9A-BC4D-E310E93AEB54}.Release|Any CPU.Build.0 = Release|Any CPU
		{E909E147-BCFD-4FA0-95E7-4F7499F38474}.Debug|Any CPU.ActiveCfg = Debug|Any CPU
		{E909E147-BCFD-4FA0-95E7-4F7499F38474}.Debug|Any CPU.Build.0 = Debug|Any CPU
		{E909E147-BCFD-4FA0-95E7-4F7499F38474}.Release|Any CPU.ActiveCfg = Release|Any CPU
		{E909E147-BCFD-4FA0-95E7-4F7499F38474}.Release|Any CPU.Build.0 = Release|Any CPU
		{8582CB13-7DEA-4F9B-A3C9-99BFE3D43850}.Debug|Any CPU.ActiveCfg = Debug|Any CPU
		{8582CB13-7DEA-4F9B-A3C9-99BFE3D43850}.Debug|Any CPU.Build.0 = Debug|Any CPU
		{8582CB13-7DEA-4F9B-A3C9-99BFE3D43850}.Release|Any CPU.ActiveCfg = Release|Any CPU
		{8582CB13-7DEA-4F9B-A3C9-99BFE3D43850}.Release|Any CPU.Build.0 = Release|Any CPU
		{55577514-B53F-48E1-B306-DF66BD4A09E9}.Debug|Any CPU.ActiveCfg = Debug|Any CPU
		{55577514-B53F-48E1-B306-DF66BD4A09E9}.Debug|Any CPU.Build.0 = Debug|Any CPU
		{55577514-B53F-48E1-B306-DF66BD4A09E9}.Release|Any CPU.ActiveCfg = Release|Any CPU
		{55577514-B53F-48E1-B306-DF66BD4A09E9}.Release|Any CPU.Build.0 = Release|Any CPU
		{6267D310-BDA6-4B02-A2D7-3A71379BCFEE}.Debug|Any CPU.ActiveCfg = Debug|Any CPU
		{6267D310-BDA6-4B02-A2D7-3A71379BCFEE}.Debug|Any CPU.Build.0 = Debug|Any CPU
		{6267D310-BDA6-4B02-A2D7-3A71379BCFEE}.Release|Any CPU.ActiveCfg = Release|Any CPU
		{6267D310-BDA6-4B02-A2D7-3A71379BCFEE}.Release|Any CPU.Build.0 = Release|Any CPU
		{0F5EB095-47E0-4820-AAD0-A789BF9EE460}.Debug|Any CPU.ActiveCfg = Debug|Any CPU
		{0F5EB095-47E0-4820-AAD0-A789BF9EE460}.Debug|Any CPU.Build.0 = Debug|Any CPU
		{0F5EB095-47E0-4820-AAD0-A789BF9EE460}.Release|Any CPU.ActiveCfg = Release|Any CPU
		{0F5EB095-47E0-4820-AAD0-A789BF9EE460}.Release|Any CPU.Build.0 = Release|Any CPU
		{69F399B6-8FC5-4196-A96E-B78261D28E72}.Debug|Any CPU.ActiveCfg = Debug|Any CPU
		{69F399B6-8FC5-4196-A96E-B78261D28E72}.Debug|Any CPU.Build.0 = Debug|Any CPU
		{69F399B6-8FC5-4196-A96E-B78261D28E72}.Release|Any CPU.ActiveCfg = Release|Any CPU
		{69F399B6-8FC5-4196-A96E-B78261D28E72}.Release|Any CPU.Build.0 = Release|Any CPU
		{00C1A1B7-5728-40FF-808F-EFBE9024E90C}.Debug|Any CPU.ActiveCfg = Debug|Any CPU
		{00C1A1B7-5728-40FF-808F-EFBE9024E90C}.Debug|Any CPU.Build.0 = Debug|Any CPU
		{00C1A1B7-5728-40FF-808F-EFBE9024E90C}.Release|Any CPU.ActiveCfg = Release|Any CPU
		{00C1A1B7-5728-40FF-808F-EFBE9024E90C}.Release|Any CPU.Build.0 = Release|Any CPU
		{9110EA4D-A621-4F6E-8817-6AC880652231}.Debug|Any CPU.ActiveCfg = Debug|Any CPU
		{9110EA4D-A621-4F6E-8817-6AC880652231}.Debug|Any CPU.Build.0 = Debug|Any CPU
		{9110EA4D-A621-4F6E-8817-6AC880652231}.Release|Any CPU.ActiveCfg = Release|Any CPU
		{9110EA4D-A621-4F6E-8817-6AC880652231}.Release|Any CPU.Build.0 = Release|Any CPU
	EndGlobalSection
	GlobalSection(SolutionProperties) = preSolution
		HideSolutionNode = FALSE
	EndGlobalSection
	GlobalSection(NestedProjects) = preSolution
		{6E652B91-F7C2-42D7-AD99-B958BB55CD6D} = {D20DA613-F620-481A-9A54-5D3CBBED5096}
		{F2067B7D-0B6D-4117-B8C4-1CC50AD59C49} = {D20DA613-F620-481A-9A54-5D3CBBED5096}
		{D52B8E2A-32B4-48F0-8CA6-EDFA904A2C66} = {D20DA613-F620-481A-9A54-5D3CBBED5096}
		{EB52D6C8-ED95-4AD3-B3EB-0F15E6A233C9} = {D20DA613-F620-481A-9A54-5D3CBBED5096}
		{170B8ADC-7246-4271-B8E7-989FDD37468C} = {D20DA613-F620-481A-9A54-5D3CBBED5096}
		{9BADB059-BA13-4D71-A06C-BB8E77A60405} = {D52B8E2A-32B4-48F0-8CA6-EDFA904A2C66}
		{1D0DA165-A756-4E9A-BC4D-E310E93AEB54} = {F2067B7D-0B6D-4117-B8C4-1CC50AD59C49}
		{E909E147-BCFD-4FA0-95E7-4F7499F38474} = {EB52D6C8-ED95-4AD3-B3EB-0F15E6A233C9}
		{8582CB13-7DEA-4F9B-A3C9-99BFE3D43850} = {170B8ADC-7246-4271-B8E7-989FDD37468C}
		{55577514-B53F-48E1-B306-DF66BD4A09E9} = {6E652B91-F7C2-42D7-AD99-B958BB55CD6D}
		{6267D310-BDA6-4B02-A2D7-3A71379BCFEE} = {6E652B91-F7C2-42D7-AD99-B958BB55CD6D}
		{0F5EB095-47E0-4820-AAD0-A789BF9EE460} = {D20DA613-F620-481A-9A54-5D3CBBED5096}
		{69F399B6-8FC5-4196-A96E-B78261D28E72} = {4903CB20-7737-40BC-BBC6-2698918068EE}
		{00C1A1B7-5728-40FF-808F-EFBE9024E90C} = {4903CB20-7737-40BC-BBC6-2698918068EE}
		{9110EA4D-A621-4F6E-8817-6AC880652231} = {4903CB20-7737-40BC-BBC6-2698918068EE}
	EndGlobalSection
	GlobalSection(ExtensibilityGlobals) = postSolution
		SolutionGuid = {77FF1802-F2DF-4EBA-A173-0DFA03FBD69D}
	EndGlobalSection
EndGlobal
