
Microsoft Visual Studio Solution File, Format Version 12.00
# Visual Studio Version 17
VisualStudioVersion = 17.6.33815.320
MinimumVisualStudioVersion = 10.0.40219.1
Project("{2150E333-8FDC-42A3-9474-1A3956D46DE8}") = "src", "src", "{D20DA613-F620-481A-9A54-5D3CBBED5096}"
EndProject
Project("{2150E333-8FDC-42A3-9474-1A3956D46DE8}") = "Shared", "Shared", "{6E652B91-F7C2-42D7-AD99-B958BB55CD6D}"
EndProject
Project("{2150E333-8FDC-42A3-9474-1A3956D46DE8}") = "Domain", "Domain", "{F2067B7D-0B6D-4117-B8C4-1CC50AD59C49}"
EndProject
Project("{2150E333-8FDC-42A3-9474-1A3956D46DE8}") = "Data", "Data", "{D52B8E2A-32B4-48F0-8CA6-EDFA904A2C66}"
EndProject
Project("{2150E333-8FDC-42A3-9474-1A3956D46DE8}") = "Infrastructure", "Infrastructure", "{EB52D6C8-ED95-4AD3-B3EB-0F15E6A233C9}"
EndProject
Project("{2150E333-8FDC-42A3-9474-1A3956D46DE8}") = "Services", "Services", "{170B8ADC-7246-4271-B8E7-989FDD37468C}"
EndProject
Project("{9A19103F-16F7-4668-BE54-9A1E7A4F7556}") = "Company.Data", "src\Shared\Data\Company.Data.csproj", "{55577514-B53F-48E1-B306-DF66BD4A09E9}"
EndProject
Project("{9A19103F-16F7-4668-BE54-9A1E7A4F7556}") = "Company.Domain", "src\Shared\Domain\Company.Domain.csproj", "{6267D310-BDA6-4B02-A2D7-3A71379BCFEE}"
EndProject
Project("{9A19103F-16F7-4668-BE54-9A1E7A4F7556}") = "DeviceManagement.Data", "src\Data\src\DeviceManagement.Data.csproj", "{C4C163B9-DF65-48DE-A5A4-19B2AA08085B}"
EndProject
Project("{9A19103F-16F7-4668-BE54-9A1E7A4F7556}") = "DeviceManagement.Domain", "src\Domain\src\DeviceManagement.Domain.csproj", "{E4AF54BE-F0F8-4BAB-B63F-F9FB143D2093}"
EndProject
Project("{9A19103F-16F7-4668-BE54-9A1E7A4F7556}") = "DeviceManagement.Infrastructure", "src\Infrastructure\src\DeviceManagement.Infrastructure.csproj", "{09C05F84-4C57-473B-BC48-B6987DDA1A3F}"
EndProject
Project("{9A19103F-16F7-4668-BE54-9A1E7A4F7556}") = "DeviceManagement.Infrastructure.Tests", "src\Infrastructure\test\DeviceManagement.Infrastructure.Tests.csproj", "{47E718FA-6354-43A3-B639-AA8F54393515}"
EndProject
Project("{9A19103F-16F7-4668-BE54-9A1E7A4F7556}") = "DeviceManagement.Services", "src\Services\src\DeviceManagement.Services.csproj", "{0FA93EA0-D7CC-4CDA-9A8A-2CAC78F55FAB}"
EndProject
Project("{9A19103F-16F7-4668-BE54-9A1E7A4F7556}") = "DeviceManagement.Services.Tests", "src\Services\test\DeviceManagement.Services.Tests.csproj", "{013BDA52-DFF9-44FD-BA8D-A2E656A4E1CD}"
EndProject
Project("{9A19103F-16F7-4668-BE54-9A1E7A4F7556}") = "DeviceManagement.Api", "src\Api\src\DeviceManagement.Api.csproj", "{5D2EA5F1-F06B-412E-8D4A-7B841711BD81}"
EndProject
Project("{9A19103F-16F7-4668-BE54-9A1E7A4F7556}") = "DeviceManagement.Api.Tests", "src\Api\test\DeviceManagement.Api.Tests.csproj", "{AB5035BE-14A7-439E-811F-1CE136CF9613}"
EndProject
Global
	GlobalSection(SolutionConfigurationPlatforms) = preSolution
		Debug|Any CPU = Debug|Any CPU
		Release|Any CPU = Release|Any CPU
	EndGlobalSection
	GlobalSection(ProjectConfigurationPlatforms) = postSolution
		{55577514-B53F-48E1-B306-DF66BD4A09E9}.Debug|Any CPU.ActiveCfg = Debug|Any CPU
		{55577514-B53F-48E1-B306-DF66BD4A09E9}.Debug|Any CPU.Build.0 = Debug|Any CPU
		{55577514-B53F-48E1-B306-DF66BD4A09E9}.Release|Any CPU.ActiveCfg = Release|Any CPU
		{55577514-B53F-48E1-B306-DF66BD4A09E9}.Release|Any CPU.Build.0 = Release|Any CPU
		{6267D310-BDA6-4B02-A2D7-3A71379BCFEE}.Debug|Any CPU.ActiveCfg = Debug|Any CPU
		{6267D310-BDA6-4B02-A2D7-3A71379BCFEE}.Debug|Any CPU.Build.0 = Debug|Any CPU
		{6267D310-BDA6-4B02-A2D7-3A71379BCFEE}.Release|Any CPU.ActiveCfg = Release|Any CPU
		{6267D310-BDA6-4B02-A2D7-3A71379BCFEE}.Release|Any CPU.Build.0 = Release|Any CPU
		{C4C163B9-DF65-48DE-A5A4-19B2AA08085B}.Debug|Any CPU.ActiveCfg = Debug|Any CPU
		{C4C163B9-DF65-48DE-A5A4-19B2AA08085B}.Debug|Any CPU.Build.0 = Debug|Any CPU
		{C4C163B9-DF65-48DE-A5A4-19B2AA08085B}.Release|Any CPU.ActiveCfg = Release|Any CPU
		{C4C163B9-DF65-48DE-A5A4-19B2AA08085B}.Release|Any CPU.Build.0 = Release|Any CPU
		{E4AF54BE-F0F8-4BAB-B63F-F9FB143D2093}.Debug|Any CPU.ActiveCfg = Debug|Any CPU
		{E4AF54BE-F0F8-4BAB-B63F-F9FB143D2093}.Debug|Any CPU.Build.0 = Debug|Any CPU
		{E4AF54BE-F0F8-4BAB-B63F-F9FB143D2093}.Release|Any CPU.ActiveCfg = Release|Any CPU
		{E4AF54BE-F0F8-4BAB-B63F-F9FB143D2093}.Release|Any CPU.Build.0 = Release|Any CPU
		{09C05F84-4C57-473B-BC48-B6987DDA1A3F}.Debug|Any CPU.ActiveCfg = Debug|Any CPU
		{09C05F84-4C57-473B-BC48-B6987DDA1A3F}.Debug|Any CPU.Build.0 = Debug|Any CPU
		{09C05F84-4C57-473B-BC48-B6987DDA1A3F}.Release|Any CPU.ActiveCfg = Release|Any CPU
		{09C05F84-4C57-473B-BC48-B6987DDA1A3F}.Release|Any CPU.Build.0 = Release|Any CPU
		{47E718FA-6354-43A3-B639-AA8F54393515}.Debug|Any CPU.ActiveCfg = Debug|Any CPU
		{47E718FA-6354-43A3-B639-AA8F54393515}.Debug|Any CPU.Build.0 = Debug|Any CPU
		{47E718FA-6354-43A3-B639-AA8F54393515}.Release|Any CPU.ActiveCfg = Release|Any CPU
		{47E718FA-6354-43A3-B639-AA8F54393515}.Release|Any CPU.Build.0 = Release|Any CPU
		{0FA93EA0-D7CC-4CDA-9A8A-2CAC78F55FAB}.Debug|Any CPU.ActiveCfg = Debug|Any CPU
		{0FA93EA0-D7CC-4CDA-9A8A-2CAC78F55FAB}.Debug|Any CPU.Build.0 = Debug|Any CPU
		{0FA93EA0-D7CC-4CDA-9A8A-2CAC78F55FAB}.Release|Any CPU.ActiveCfg = Release|Any CPU
		{0FA93EA0-D7CC-4CDA-9A8A-2CAC78F55FAB}.Release|Any CPU.Build.0 = Release|Any CPU
		{013BDA52-DFF9-44FD-BA8D-A2E656A4E1CD}.Debug|Any CPU.ActiveCfg = Debug|Any CPU
		{013BDA52-DFF9-44FD-BA8D-A2E656A4E1CD}.Debug|Any CPU.Build.0 = Debug|Any CPU
		{013BDA52-DFF9-44FD-BA8D-A2E656A4E1CD}.Release|Any CPU.ActiveCfg = Release|Any CPU
		{013BDA52-DFF9-44FD-BA8D-A2E656A4E1CD}.Release|Any CPU.Build.0 = Release|Any CPU
		{5D2EA5F1-F06B-412E-8D4A-7B841711BD81}.Debug|Any CPU.ActiveCfg = Debug|Any CPU
		{5D2EA5F1-F06B-412E-8D4A-7B841711BD81}.Debug|Any CPU.Build.0 = Debug|Any CPU
		{5D2EA5F1-F06B-412E-8D4A-7B841711BD81}.Release|Any CPU.ActiveCfg = Release|Any CPU
		{5D2EA5F1-F06B-412E-8D4A-7B841711BD81}.Release|Any CPU.Build.0 = Release|Any CPU
		{AB5035BE-14A7-439E-811F-1CE136CF9613}.Debug|Any CPU.ActiveCfg = Debug|Any CPU
		{AB5035BE-14A7-439E-811F-1CE136CF9613}.Debug|Any CPU.Build.0 = Debug|Any CPU
		{AB5035BE-14A7-439E-811F-1CE136CF9613}.Release|Any CPU.ActiveCfg = Release|Any CPU
		{AB5035BE-14A7-439E-811F-1CE136CF9613}.Release|Any CPU.Build.0 = Release|Any CPU
	EndGlobalSection
	GlobalSection(SolutionProperties) = preSolution
		HideSolutionNode = FALSE
	EndGlobalSection
	GlobalSection(NestedProjects) = preSolution
		{6E652B91-F7C2-42D7-AD99-B958BB55CD6D} = {D20DA613-F620-481A-9A54-5D3CBBED5096}
		{F2067B7D-0B6D-4117-B8C4-1CC50AD59C49} = {D20DA613-F620-481A-9A54-5D3CBBED5096}
		{D52B8E2A-32B4-48F0-8CA6-EDFA904A2C66} = {D20DA613-F620-481A-9A54-5D3CBBED5096}
		{EB52D6C8-ED95-4AD3-B3EB-0F15E6A233C9} = {D20DA613-F620-481A-9A54-5D3CBBED5096}
		{170B8ADC-7246-4271-B8E7-989FDD37468C} = {D20DA613-F620-481A-9A54-5D3CBBED5096}
		{55577514-B53F-48E1-B306-DF66BD4A09E9} = {6E652B91-F7C2-42D7-AD99-B958BB55CD6D}
		{6267D310-BDA6-4B02-A2D7-3A71379BCFEE} = {6E652B91-F7C2-42D7-AD99-B958BB55CD6D}
		{C4C163B9-DF65-48DE-A5A4-19B2AA08085B} = {D52B8E2A-32B4-48F0-8CA6-EDFA904A2C66}
		{E4AF54BE-F0F8-4BAB-B63F-F9FB143D2093} = {F2067B7D-0B6D-4117-B8C4-1CC50AD59C49}
		{09C05F84-4C57-473B-BC48-B6987DDA1A3F} = {EB52D6C8-ED95-4AD3-B3EB-0F15E6A233C9}
		{47E718FA-6354-43A3-B639-AA8F54393515} = {EB52D6C8-ED95-4AD3-B3EB-0F15E6A233C9}
		{0FA93EA0-D7CC-4CDA-9A8A-2CAC78F55FAB} = {170B8ADC-7246-4271-B8E7-989FDD37468C}
		{013BDA52-DFF9-44FD-BA8D-A2E656A4E1CD} = {170B8ADC-7246-4271-B8E7-989FDD37468C}
	EndGlobalSection
	GlobalSection(ExtensibilityGlobals) = postSolution
		SolutionGuid = {77FF1802-F2DF-4EBA-A173-0DFA03FBD69D}
	EndGlobalSection
EndGlobal
